
Microsoft Visual Studio Solution File, Format Version 12.00
# Visual Studio Version 17
VisualStudioVersion = 17.9.34723.18
MinimumVisualStudioVersion = 10.0.40219.1
Project("{9A19103F-16F7-4668-BE54-9A1E7A4F7556}") = "WebApp", "WebApp\WebApp.csproj", "{3B71F181-0B47-4A7E-BE81-D4F324A37F83}"
EndProject
Project("{9A19103F-16F7-4668-BE54-9A1E7A4F7556}") = "ServerAPI", "ServerAPI1\ServerAPI.csproj", "{C2A5E33A-E495-4AAB-8EFA-B725EF97258E}"
EndProject
Project("{9A19103F-16F7-4668-BE54-9A1E7A4F7556}") = "Core", "Core1\Core.csproj", "{D6363A79-C1AA-4CA8-A210-617D9A9B0CB2}"
EndProject
Project("{FAE04EC0-301F-11D3-BF4B-00C04F79EFBC}") = "Core", "Core1\Core.csproj", "{C411BF20-1B36-4EAC-B743-3E7F97D63F76}"
EndProject
Project("{FAE04EC0-301F-11D3-BF4B-00C04F79EFBC}") = "ServerAPI", "ServerAPI1\ServerAPI.csproj", "{BD249C27-1252-40A8-B098-AED8606BE734}"
EndProject
Global
	GlobalSection(SolutionConfigurationPlatforms) = preSolution
		Debug|Any CPU = Debug|Any CPU
		Release|Any CPU = Release|Any CPU
	EndGlobalSection
	GlobalSection(ProjectConfigurationPlatforms) = postSolution
		{3B71F181-0B47-4A7E-BE81-D4F324A37F83}.Debug|Any CPU.ActiveCfg = Debug|Any CPU
		{3B71F181-0B47-4A7E-BE81-D4F324A37F83}.Debug|Any CPU.Build.0 = Debug|Any CPU
		{3B71F181-0B47-4A7E-BE81-D4F324A37F83}.Release|Any CPU.ActiveCfg = Release|Any CPU
		{3B71F181-0B47-4A7E-BE81-D4F324A37F83}.Release|Any CPU.Build.0 = Release|Any CPU
		{C411BF20-1B36-4EAC-B743-3E7F97D63F76}.Debug|Any CPU.ActiveCfg = Debug|Any CPU
		{C411BF20-1B36-4EAC-B743-3E7F97D63F76}.Debug|Any CPU.Build.0 = Debug|Any CPU
		{C411BF20-1B36-4EAC-B743-3E7F97D63F76}.Release|Any CPU.ActiveCfg = Release|Any CPU
		{C411BF20-1B36-4EAC-B743-3E7F97D63F76}.Release|Any CPU.Build.0 = Release|Any CPU
		{BD249C27-1252-40A8-B098-AED8606BE734}.Debug|Any CPU.ActiveCfg = Debug|Any CPU
		{BD249C27-1252-40A8-B098-AED8606BE734}.Debug|Any CPU.Build.0 = Debug|Any CPU
		{BD249C27-1252-40A8-B098-AED8606BE734}.Release|Any CPU.ActiveCfg = Release|Any CPU
		{BD249C27-1252-40A8-B098-AED8606BE734}.Release|Any CPU.Build.0 = Release|Any CPU
	EndGlobalSection
	GlobalSection(SolutionProperties) = preSolution
		HideSolutionNode = FALSE
	EndGlobalSection
	GlobalSection(ExtensibilityGlobals) = postSolution
		SolutionGuid = {C3E18AB5-7EEF-45D1-B76B-EA9DAFA837D4}
	EndGlobalSection
EndGlobal
