
Microsoft Visual Studio Solution File, Format Version 12.00
# Visual Studio Version 17
VisualStudioVersion = 17.9.34723.18
MinimumVisualStudioVersion = 10.0.40219.1
Project("{FAE04EC0-301F-11D3-BF4B-00C04F79EFBC}") = "WebApp", "WebApp\WebApp.csproj", "{3B71F181-0B47-4A7E-BE81-D4F324A37F83}"
EndProject
Global
	GlobalSection(SolutionConfigurationPlatforms) = preSolution
		Debug|Any CPU = Debug|Any CPU
		Release|Any CPU = Release|Any CPU
	EndGlobalSection
	GlobalSection(ProjectConfigurationPlatforms) = postSolution
		{3B71F181-0B47-4A7E-BE81-D4F324A37F83}.Debug|Any CPU.ActiveCfg = Debug|Any CPU
		{3B71F181-0B47-4A7E-BE81-D4F324A37F83}.Debug|Any CPU.Build.0 = Debug|Any CPU
		{3B71F181-0B47-4A7E-BE81-D4F324A37F83}.Release|Any CPU.ActiveCfg = Release|Any CPU
		{3B71F181-0B47-4A7E-BE81-D4F324A37F83}.Release|Any CPU.Build.0 = Release|Any CPU
	EndGlobalSection
	GlobalSection(SolutionProperties) = preSolution
		HideSolutionNode = FALSE
	EndGlobalSection
	GlobalSection(ExtensibilityGlobals) = postSolution
		SolutionGuid = {C3E18AB5-7EEF-45D1-B76B-EA9DAFA837D4}
	EndGlobalSection
EndGlobal
